# generated by rye
# use `rye lock` or `rye sync` to update this lockfile
#
# last locked with the following flags:
#   pre: false
#   features: []
#   all-features: false
#   with-sources: false
#   generate-hashes: false
#   universal: true

-e file:bot
-e file:common
    # via ghutils-bot
    # via ghutils-infrastructure
-e file:infrastructure
aiohttp==3.9.5
    # via discord-py
aiosignal==1.3.1
    # via aiohttp
annotated-types==0.7.0
    # via pydantic
anyio==4.4.0
    # via httpx
    # via starlette
    # via watchfiles
attrs==23.2.0
    # via aiohttp
    # via cattrs
    # via fluent-runtime
    # via jsii
audioop-lts==0.2.1 ; python_full_version >= '3.13'
    # via discord-py
aws-cdk-asset-awscli-v1==2.2.202
    # via aws-cdk-lib
aws-cdk-asset-kubectl-v20==2.1.2
    # via aws-cdk-lib
aws-cdk-asset-node-proxy-agent-v6==2.1.0
    # via aws-cdk-lib
aws-cdk-cloud-assembly-schema==36.0.25
    # via aws-cdk-lib
aws-cdk-github-oidc==2.4.1
    # via ghutils-infrastructure
    # via object-ci
aws-cdk-lib==2.158.0
    # via aws-cdk-github-oidc
    # via ghutils-infrastructure
    # via object-ci
babel==2.17.0
    # via fluent-runtime
    # via ghutils-bot
cattrs==23.2.3
    # via jsii
certifi==2024.6.2
    # via httpcore
    # via httpx
    # via requests
cffi==1.17.0 ; platform_python_implementation != 'PyPy'
    # via cryptography
charset-normalizer==3.4.1
    # via requests
click==8.1.7
    # via typer
    # via uvicorn
colorama==0.4.6 ; sys_platform == 'win32' or platform_system == 'Windows'
    # via click
    # via uvicorn
constructs==10.3.0
    # via aws-cdk-github-oidc
    # via aws-cdk-lib
cryptography==43.0.0
    # via pyjwt
discord-py==2.6.3
    # via ghutils-bot
dnspython==2.6.1
    # via email-validator
email-validator==2.2.0
    # via fastapi
fastapi==0.111.0
    # via ghutils-bot
fastapi-cli==0.0.4
    # via fastapi
fluent-runtime==0.4.0
    # via ghutils-bot
fluent-syntax==0.19.0
    # via fluent-runtime
frozenlist==1.4.1
    # via aiohttp
    # via aiosignal
githubkit==0.11.8
    # via ghutils-bot
greenlet==3.0.3 ; (python_full_version < '3.13' and platform_machine == 'AMD64') or (python_full_version < '3.13' and platform_machine == 'WIN32') or (python_full_version < '3.13' and platform_machine == 'aarch64') or (python_full_version < '3.13' and platform_machine == 'amd64') or (python_full_version < '3.13' and platform_machine == 'ppc64le') or (python_full_version < '3.13' and platform_machine == 'win32') or (python_full_version < '3.13' and platform_machine == 'x86_64')
    # via sqlalchemy
h11==0.14.0
    # via httpcore
    # via uvicorn
hishel==0.0.30
    # via githubkit
httpcore==1.0.5
    # via httpx
httptools==0.6.1
    # via uvicorn
httpx==0.27.0
    # via fastapi
    # via githubkit
    # via hishel
humanize==4.13.0
    # via ghutils-bot
idna==3.7
    # via anyio
    # via email-validator
    # via httpx
    # via requests
    # via yarl
importlib-resources==6.4.5
    # via jsii
jinja2==3.1.4
    # via fastapi
joblib==1.4.2
    # via scikit-learn
jsii==1.103.1
    # via aws-cdk-asset-awscli-v1
    # via aws-cdk-asset-kubectl-v20
    # via aws-cdk-asset-node-proxy-agent-v6
    # via aws-cdk-cloud-assembly-schema
    # via aws-cdk-github-oidc
    # via aws-cdk-lib
    # via constructs
markdown-it-py==3.0.0
    # via rich
markupsafe==2.1.5
    # via jinja2
mdurl==0.1.2
    # via markdown-it-py
more-itertools==10.5.0
    # via ghutils-bot
multidict==6.0.5
    # via aiohttp
    # via yarl
numpy==1.26.4
    # via pylette
    # via scikit-learn
    # via scipy
object-ci @ git+https://github.com/object-Object/ci@ff3bc4f4204b3ba7153c247c1a73af649e5d27ad
    # via ghutils-infrastructure
orjson==3.10.5
    # via fastapi
pfzy==0.3.4
    # via ghutils-bot
pillow==10.4.0
    # via pylette
psycopg2-binary==2.9.9
    # via ghutils-bot
publication==0.0.3
    # via aws-cdk-asset-awscli-v1
    # via aws-cdk-asset-kubectl-v20
    # via aws-cdk-asset-node-proxy-agent-v6
    # via aws-cdk-cloud-assembly-schema
    # via aws-cdk-github-oidc
    # via aws-cdk-lib
    # via constructs
    # via jsii
pycparser==2.22 ; platform_python_implementation != 'PyPy'
    # via cffi
pydantic==2.7.4
    # via fastapi
    # via ghutils-bot
    # via githubkit
    # via pydantic-settings
    # via sqlmodel
pydantic-core==2.18.4
    # via pydantic
pydantic-settings==2.3.4
    # via ghutils-bot
pygments==2.18.0
    # via rich
pyjwt==2.9.0
    # via githubkit
pylette==4.0.0
    # via ghutils-bot
python-dateutil==2.9.0.post0
    # via jsii
python-dotenv==1.0.1
    # via pydantic-settings
    # via uvicorn
python-multipart==0.0.9
    # via fastapi
pytz==2024.2
    # via fluent-runtime
pyyaml==6.0.2
    # via ghutils-bot
    # via uvicorn
requests==2.32.3
    # via pylette
rich==13.7.1
    # via typer
scikit-learn==1.6.1
    # via pylette
scipy==1.15.1
    # via scikit-learn
shellingham==1.5.4
    # via typer
six==1.16.0
    # via python-dateutil
sniffio==1.3.1
    # via anyio
    # via httpx
sqlalchemy==2.0.31
    # via sqlmodel
sqlmodel==0.0.19
    # via ghutils-bot
starlette==0.37.2
    # via fastapi
threadpoolctl==3.5.0
    # via scikit-learn
typeguard==2.13.3
    # via aws-cdk-asset-awscli-v1
    # via aws-cdk-asset-kubectl-v20
    # via aws-cdk-asset-node-proxy-agent-v6
    # via aws-cdk-cloud-assembly-schema
    # via aws-cdk-github-oidc
    # via aws-cdk-lib
    # via constructs
    # via jsii
typer==0.12.5
    # via fastapi-cli
    # via pylette
typing-extensions==4.12.2
    # via fastapi
    # via fluent-runtime
    # via fluent-syntax
    # via githubkit
    # via hishel
    # via jsii
    # via pydantic
    # via pydantic-core
    # via sqlalchemy
    # via typer
ujson==5.10.0
    # via fastapi
urllib3==2.3.0
    # via requests
uvicorn==0.30.1
    # via fastapi
uvloop==0.20.0 ; platform_python_implementation != 'PyPy' and sys_platform != 'cygwin' and sys_platform != 'win32'
    # via uvicorn
watchfiles==0.22.0
    # via uvicorn
websockets==12.0
    # via uvicorn
yarl==1.9.4
    # via aiohttp
